{
  "pins" : [
    {
      "identity" : "adiscope-ios-pangle",
      "kind" : "remoteSourceControl",
      "location" : "https://github.com/adiscope/Adiscope-iOS-Pangle.git",
      "state" : {
        "revision" : "d7672d6aabe5c195d6f6cd10847e3e1021e4aa74",
        "version" : "5.4.0"
      }
    }
  ],
  "version" : 2
}
