{
  "pins" : [
    {
      "identity" : "adiscope-ios-pangle",
      "kind" : "remoteSourceControl",
      "location" : "https://github.com/adiscope/Adiscope-iOS-Pangle.git",
      "state" : {
        "revision" : "148982cfb1d222affc48c4ff2cb5e84fefe9e721",
        "version" : "5.2.0"
      }
    }
  ],
  "version" : 2
}
